<?xml version="1.0" encoding="UTF-8" standalone="yes" ?>
<CodeBlocks_project_file>
	<FileVersion major="1" minor="6" />
	<Project>
		<Option title="tetris" />
		<Option pch_mode="2" />
		<Option compiler="gcc" />
		<Build>
			<Target title="Debug">
				<Option output="bin\Debug\tetris" prefix_auto="1" extension_auto="1" />
				<Option object_output="obj\Debug\" />
				<Option type="1" />
				<Option compiler="gcc" />
				<Compiler>
					<Add option="-Wall" />
					<Add option="-g" />
				</Compiler>
				<Linker>
					<Add library="C:\Program Files\codeblocks\devpaks\lib\libconio.a" />
					<Add library="C:\Program Files\codeblocks\devpaks\lib\libconio_unicode.a" />
				</Linker>
			</Target>
			<Target title="Release">
				<Option output="bin\Release\tetris" prefix_auto="1" extension_auto="1" />
				<Option object_output="obj\Release\" />
				<Option type="1" />
				<Option compiler="gcc" />
				<Compiler>
					<Add option="-O2" />
				</Compiler>
				<Linker>
					<Add option="-s" />
				</Linker>
			</Target>
			<Target title="testboard">
				<Option output="bin\tests\testboard" prefix_auto="1" extension_auto="1" />
				<Option object_output="obj\tests\board" />
				<Option type="1" />
				<Option compiler="gcc" />
				<Compiler>
					<Add option="-Wall" />
					<Add option="-g" />
				</Compiler>
				<Linker>
					<Add library="C:\Program Files\codeblocks\devpaks\lib\libconio.a" />
					<Add library="C:\Program Files\codeblocks\devpaks\lib\libconio_unicode.a" />
				</Linker>
			</Target>
			<Target title="testdraw">
				<Option output="bin\tests\testdraw" prefix_auto="1" extension_auto="1" />
				<Option object_output="obj\tests\draw" />
				<Option type="1" />
				<Option compiler="gcc" />
				<Compiler>
					<Add option="-Wall" />
					<Add option="-g" />
					<Add directory="C:\Program Files\codeblocks\devpaks\include" />
					<Add directory="C:\Program Files\codeblocks\devpaks\lib" />
				</Compiler>
				<Linker>
					<Add library="C:\Program Files\codeblocks\devpaks\lib\libconio.a" />
					<Add library="C:\Program Files\codeblocks\devpaks\lib\libconio_unicode.a" />
					<Add directory="C:\Program Files\codeblocks\devpaks\include" />
					<Add directory="C:\Program Files\codeblocks\devpaks\lib" />
				</Linker>
			</Target>
			<Target title="vs2008">
				<Option platforms="Windows;" />
				<Option output="bin\vs2008\tetris" prefix_auto="1" extension_auto="1" />
				<Option object_output="obj\vs2008" />
				<Option type="1" />
				<Option compiler="msvc8" />
				<Option use_console_runner="0" />
				<Compiler>
					<Add directory="C:\Program Files\codeblocks\devpaks\include" />
					<Add directory="C:\Program Files\codeblocks\devpaks\lib" />
				</Compiler>
				<Linker>
					<Add library="C:\Program Files\codeblocks\devpaks\lib\libconio.a" />
					<Add library="C:\Program Files\codeblocks\devpaks\lib\libconio_unicode.a" />
					<Add directory="C:\Program Files\codeblocks\devpaks\include" />
					<Add directory="C:\Program Files\codeblocks\devpaks\lib" />
				</Linker>
			</Target>
			<Target title="testgameloop">
				<Option output="bin\tests\testgameloop" prefix_auto="1" extension_auto="1" />
				<Option object_output="obj\tests\gameloop" />
				<Option type="1" />
				<Option compiler="gcc" />
				<Compiler>
					<Add option="-Wall" />
					<Add option="-g" />
				</Compiler>
				<Linker>
					<Add library="C:\Program Files\codeblocks\devpaks\lib\libconio.a" />
					<Add library="C:\Program Files\codeblocks\devpaks\lib\libconio_unicode.a" />
				</Linker>
			</Target>
			<Target title="testtimer">
				<Option output="bin\tests\testtimer" prefix_auto="1" extension_auto="1" />
				<Option object_output="obj\tests\timer" />
				<Option type="1" />
				<Option compiler="gcc" />
				<Compiler>
					<Add option="-Wall" />
					<Add option="-g" />
					<Add directory="C:\Program Files\codeblocks\devpaks\include" />
					<Add directory="C:\Program Files\codeblocks\devpaks\lib" />
				</Compiler>
				<Linker>
					<Add library="C:\Program Files\codeblocks\devpaks\lib\libconio.a" />
					<Add library="C:\Program Files\codeblocks\devpaks\lib\libconio_unicode.a" />
					<Add directory="C:\Program Files\codeblocks\devpaks\include" />
					<Add directory="C:\Program Files\codeblocks\devpaks\lib" />
				</Linker>
			</Target>
		</Build>
		<Compiler>
			<Add option="-Wall" />
			<Add option="-fexceptions" />
		</Compiler>
		<Unit filename="BoardChangeListener.h">
			<Option target="Debug" />
			<Option target="Release" />
			<Option target="testboard" />
			<Option target="vs2008" />
			<Option target="testgameloop" />
		</Unit>
		<Unit filename="BoardGraphics.cpp">
			<Option target="Debug" />
			<Option target="Release" />
			<Option target="testboard" />
			<Option target="vs2008" />
			<Option target="testgameloop" />
		</Unit>
		<Unit filename="BoardGraphics.h">
			<Option target="Debug" />
			<Option target="Release" />
			<Option target="testboard" />
			<Option target="vs2008" />
			<Option target="testgameloop" />
		</Unit>
		<Unit filename="CommandListener.h">
			<Option target="Debug" />
			<Option target="Release" />
			<Option target="testboard" />
			<Option target="vs2008" />
			<Option target="testgameloop" />
			<Option target="testtimer" />
		</Unit>
		<Unit filename="Graphics.h">
			<Option target="Debug" />
			<Option target="Release" />
			<Option target="testboard" />
			<Option target="testdraw" />
			<Option target="vs2008" />
			<Option target="testgameloop" />
		</Unit>
		<Unit filename="TetrisBoard.cpp">
			<Option target="Debug" />
			<Option target="Release" />
			<Option target="testboard" />
			<Option target="vs2008" />
			<Option target="testgameloop" />
		</Unit>
		<Unit filename="TetrisBoard.h">
			<Option target="Debug" />
			<Option target="Release" />
			<Option target="testboard" />
			<Option target="vs2008" />
			<Option target="testgameloop" />
		</Unit>
		<Unit filename="TetrisCommon.h">
			<Option target="Debug" />
			<Option target="Release" />
			<Option target="testboard" />
			<Option target="testdraw" />
			<Option target="vs2008" />
			<Option target="testgameloop" />
		</Unit>
		<Unit filename="TetrisLogic.cpp">
			<Option target="Debug" />
			<Option target="Release" />
			<Option target="testboard" />
			<Option target="testgameloop" />
		</Unit>
		<Unit filename="TetrisLogic.h">
			<Option target="Debug" />
			<Option target="Release" />
			<Option target="vs2008" />
			<Option target="testboard" />
			<Option target="testgameloop" />
		</Unit>
		<Unit filename="TetrisTimer.h">
			<Option target="Debug" />
			<Option target="Release" />
			<Option target="vs2008" />
			<Option target="testtimer" />
			<Option target="testgameloop" />
		</Unit>
		<Unit filename="Tetromino.cpp">
			<Option target="Debug" />
			<Option target="Release" />
			<Option target="vs2008" />
			<Option target="testboard" />
			<Option target="testgameloop" />
		</Unit>
		<Unit filename="Tetromino.h">
			<Option target="Debug" />
			<Option target="Release" />
			<Option target="vs2008" />
			<Option target="testboard" />
			<Option target="testgameloop" />
		</Unit>
		<Unit filename="TetrominoFactory.cpp">
			<Option target="Debug" />
			<Option target="Release" />
			<Option target="vs2008" />
			<Option target="testboard" />
			<Option target="testgameloop" />
		</Unit>
		<Unit filename="TetrominoFactory.h">
			<Option target="Debug" />
			<Option target="Release" />
			<Option target="vs2008" />
			<Option target="testboard" />
			<Option target="testgameloop" />
		</Unit>
		<Unit filename="Thread.h">
			<Option target="Debug" />
			<Option target="Release" />
			<Option target="vs2008" />
			<Option target="testtimer" />
			<Option target="testgameloop" />
		</Unit>
		<Unit filename="linux\Graphics.cpp">
			<Option target="Debug" />
			<Option target="Release" />
		</Unit>
		<Unit filename="test\testboard.cpp">
			<Option target="testboard" />
			<Option target="vs2008" />
		</Unit>
		<Unit filename="test\testdraw(win).cpp">
			<Option target="testdraw" />
			<Option target="vs2008" />
		</Unit>
		<Unit filename="test\testgameloop.cpp">
			<Option target="Debug" />
			<Option target="Release" />
			<Option target="testgameloop" />
		</Unit>
		<Unit filename="test\testtimer.cpp">
			<Option target="testtimer" />
		</Unit>
		<Unit filename="tetris.plan">
			<Option target="Debug" />
			<Option target="vs2008" />
		</Unit>
		<Unit filename="windows\Graphics.cpp">
			<Option target="Debug" />
			<Option target="Release" />
			<Option target="testboard" />
			<Option target="testdraw" />
			<Option target="vs2008" />
			<Option target="testgameloop" />
		</Unit>
		<Unit filename="windows\TetrisTimer.cpp">
			<Option target="Debug" />
			<Option target="Release" />
			<Option target="vs2008" />
			<Option target="testtimer" />
			<Option target="testgameloop" />
		</Unit>
		<Unit filename="windows\Thread.cpp">
			<Option target="Debug" />
			<Option target="Release" />
			<Option target="vs2008" />
			<Option target="testtimer" />
			<Option target="testgameloop" />
		</Unit>
		<Extensions>
			<code_completion />
			<envvars />
			<debugger />
			<lib_finder disable_auto="1" />
		</Extensions>
	</Project>
</CodeBlocks_project_file>
