<?xml version="1.0" encoding="UTF-8" standalone="yes" ?>
<CodeBlocks_project_file>
	<FileVersion major="1" minor="6" />
	<Project>
		<Option title="tetris" />
		<Option pch_mode="2" />
		<Option compiler="gcc" />
		<Build>
			<Target title="Debug">
				<Option output="bin\Debug\tetris" prefix_auto="1" extension_auto="1" />
				<Option object_output="obj\Debug\" />
				<Option type="1" />
				<Option compiler="gcc" />
				<Compiler>
					<Add option="-Wall" />
					<Add option="-g" />
				</Compiler>
			</Target>
			<Target title="Release">
				<Option output="bin\Release\tetris" prefix_auto="1" extension_auto="1" />
				<Option object_output="obj\Release\" />
				<Option type="1" />
				<Option compiler="gcc" />
				<Compiler>
					<Add option="-O2" />
				</Compiler>
				<Linker>
					<Add option="-s" />
				</Linker>
			</Target>
			<Target title="testboard">
				<Option output="testboard" prefix_auto="1" extension_auto="1" />
				<Option object_output="obj\tests\board" />
				<Option type="1" />
				<Option compiler="gcc" />
				<Option use_console_runner="0" />
			</Target>
		</Build>
		<Compiler>
			<Add option="-Wall" />
			<Add option="-fexceptions" />
		</Compiler>
		<Unit filename="CellType.h" />
		<Unit filename="TetrisBoard.cpp" />
		<Unit filename="TetrisBoard.h" />
		<Unit filename="TetrisLogic.h">
			<Option target="Debug" />
			<Option target="Release" />
		</Unit>
		<Unit filename="Tetromino.cpp">
			<Option target="Debug" />
			<Option target="Release" />
		</Unit>
		<Unit filename="Tetromino.h">
			<Option target="Debug" />
			<Option target="Release" />
		</Unit>
		<Unit filename="TetrominoFactory.cpp">
			<Option target="Debug" />
			<Option target="Release" />
		</Unit>
		<Unit filename="TetrominoFactory.h">
			<Option target="Debug" />
			<Option target="Release" />
		</Unit>
		<Unit filename="test\testboard.cpp">
			<Option target="testboard" />
		</Unit>
		<Unit filename="tetris.plan">
			<Option target="Debug" />
		</Unit>
		<Extensions>
			<code_completion />
			<envvars />
			<debugger />
			<lib_finder disable_auto="1" />
		</Extensions>
	</Project>
</CodeBlocks_project_file>
