<?xml version="1.0" encoding="UTF-8" standalone="yes" ?>
<CodeBlocks_project_file>
	<FileVersion major="1" minor="6" />
	<Project>
		<Option title="tetris" />
		<Option makefile="makefile" />
		<Option pch_mode="2" />
		<Option compiler="gcc" />
		<Build>
			<Target title="Debug">
				<Option output="bin\Debug\tetris" prefix_auto="1" extension_auto="1" />
				<Option object_output="obj\Debug\" />
				<Option type="1" />
				<Option compiler="gcc" />
				<Compiler>
					<Add option="-Wall" />
					<Add option="-g" />
				</Compiler>
				<Linker>
					<Add library="C:\Program Files\codeblocks\devpaks\lib\libconio.a" />
					<Add library="C:\Program Files\codeblocks\devpaks\lib\libconio_unicode.a" />
				</Linker>
			</Target>
			<Target title="Release">
				<Option output="bin\Release\tetris" prefix_auto="1" extension_auto="1" />
				<Option object_output="obj\Release\" />
				<Option type="1" />
				<Option compiler="gcc" />
				<Compiler>
					<Add option="-O2" />
				</Compiler>
				<Linker>
					<Add option="-s" />
				</Linker>
			</Target>
			<Target title="testboard">
				<Option output="bin\tests\testboard" prefix_auto="1" extension_auto="1" />
				<Option object_output="obj\tests\board" />
				<Option type="1" />
				<Option compiler="gcc" />
				<Compiler>
					<Add option="-Wall" />
					<Add option="-g" />
				</Compiler>
				<Linker>
					<Add library="C:\Program Files\codeblocks\devpaks\lib\libconio.a" />
					<Add library="C:\Program Files\codeblocks\devpaks\lib\libconio_unicode.a" />
				</Linker>
			</Target>
			<Target title="testdraw">
				<Option output="bin\tests\testdraw" prefix_auto="1" extension_auto="1" />
				<Option object_output="obj\tests\draw" />
				<Option type="1" />
				<Option compiler="gcc" />
				<Compiler>
					<Add option="-Wall" />
					<Add option="-g" />
					<Add directory="C:\Program Files\codeblocks\devpaks\include" />
					<Add directory="C:\Program Files\codeblocks\devpaks\lib" />
				</Compiler>
				<Linker>
					<Add library="C:\Program Files\codeblocks\devpaks\lib\libconio.a" />
					<Add library="C:\Program Files\codeblocks\devpaks\lib\libconio_unicode.a" />
					<Add directory="C:\Program Files\codeblocks\devpaks\include" />
					<Add directory="C:\Program Files\codeblocks\devpaks\lib" />
				</Linker>
			</Target>
			<Target title="vs2008">
				<Option platforms="Windows;" />
				<Option output="bin\vs2008\tetris" prefix_auto="1" extension_auto="1" />
				<Option object_output="obj\vs2008" />
				<Option type="1" />
				<Option compiler="msvc8" />
				<Option use_console_runner="0" />
				<Compiler>
					<Add directory="C:\Program Files\codeblocks\devpaks\include" />
					<Add directory="C:\Program Files\codeblocks\devpaks\lib" />
				</Compiler>
				<Linker>
					<Add library="C:\Program Files\codeblocks\devpaks\lib\libconio.a" />
					<Add library="C:\Program Files\codeblocks\devpaks\lib\libconio_unicode.a" />
					<Add directory="C:\Program Files\codeblocks\devpaks\include" />
					<Add directory="C:\Program Files\codeblocks\devpaks\lib" />
				</Linker>
			</Target>
			<Target title="testgameloop">
				<Option output="bin\tests\testgameloop" prefix_auto="1" extension_auto="1" />
				<Option object_output="obj\tests\gameloop" />
				<Option type="1" />
				<Option compiler="gcc" />
				<Compiler>
					<Add option="-Wall" />
					<Add option="-g" />
				</Compiler>
				<Linker>
					<Add library="C:\Program Files\codeblocks\devpaks\lib\libconio.a" />
					<Add library="C:\Program Files\codeblocks\devpaks\lib\libconio_unicode.a" />
				</Linker>
			</Target>
			<Target title="testtimer">
				<Option output="bin\tests\testtimer" prefix_auto="1" extension_auto="1" />
				<Option object_output="obj\tests\timer" />
				<Option type="1" />
				<Option compiler="gcc" />
				<Compiler>
					<Add option="-Wall" />
					<Add option="-g" />
					<Add directory="C:\Program Files\codeblocks\devpaks\include" />
					<Add directory="C:\Program Files\codeblocks\devpaks\lib" />
				</Compiler>
				<Linker>
					<Add library="C:\Program Files\codeblocks\devpaks\lib\libconio.a" />
					<Add library="C:\Program Files\codeblocks\devpaks\lib\libconio_unicode.a" />
					<Add directory="C:\Program Files\codeblocks\devpaks\include" />
					<Add directory="C:\Program Files\codeblocks\devpaks\lib" />
				</Linker>
			</Target>
			<Target title="testlogic">
				<Option output="bin\tests\testlogic" prefix_auto="1" extension_auto="1" />
				<Option object_output="obj\tests\testlogic" />
				<Option type="1" />
				<Option compiler="gcc" />
				<Compiler>
					<Add option="-Os" />
					<Add option="-Wall" />
				</Compiler>
				<Linker>
					<Add library="C:\Program Files\codeblocks\devpaks\lib\libconio.a" />
					<Add library="C:\Program Files\codeblocks\devpaks\lib\libconio_unicode.a" />
				</Linker>
			</Target>
			<Target title="testkeyboard">
				<Option output="bin\tests\testkeyboard" prefix_auto="1" extension_auto="1" />
				<Option object_output="obj\tests\keyboard" />
				<Option type="1" />
				<Option compiler="gcc" />
				<Compiler>
					<Add option="-Wall" />
					<Add option="-g" />
					<Add directory="C:\Program Files\codeblocks\devpaks\include" />
					<Add directory="C:\Program Files\codeblocks\devpaks\lib" />
				</Compiler>
				<Linker>
					<Add library="C:\Program Files\codeblocks\devpaks\lib\libconio.a" />
					<Add library="C:\Program Files\codeblocks\devpaks\lib\libconio_unicode.a" />
					<Add directory="C:\Program Files\codeblocks\devpaks\include" />
					<Add directory="C:\Program Files\codeblocks\devpaks\lib" />
				</Linker>
			</Target>
			<Target title="testmenu">
				<Option output="bin\tests\testmenu" prefix_auto="1" extension_auto="1" />
				<Option object_output="obj\tests\menu" />
				<Option type="1" />
				<Option compiler="gcc" />
				<Compiler>
					<Add option="-Wall" />
					<Add option="-g" />
					<Add directory="C:\Program Files\codeblocks\devpaks\include" />
					<Add directory="C:\Program Files\codeblocks\devpaks\lib" />
				</Compiler>
				<Linker>
					<Add library="C:\Program Files\codeblocks\devpaks\lib\libconio.a" />
					<Add library="C:\Program Files\codeblocks\devpaks\lib\libconio_unicode.a" />
					<Add directory="C:\Program Files\codeblocks\devpaks\include" />
					<Add directory="C:\Program Files\codeblocks\devpaks\lib" />
				</Linker>
			</Target>
			<Target title="testconfig">
				<Option output="bin\tests\testconfig" prefix_auto="1" extension_auto="1" />
				<Option object_output="obj\tests\config" />
				<Option type="1" />
				<Option compiler="gcc" />
				<Compiler>
					<Add option="-Wall" />
					<Add option="-g" />
					<Add directory="C:\Program Files\codeblocks\devpaks\include" />
					<Add directory="C:\Program Files\codeblocks\devpaks\lib" />
				</Compiler>
				<Linker>
					<Add library="C:\Program Files\codeblocks\devpaks\lib\libconio.a" />
					<Add library="C:\Program Files\codeblocks\devpaks\lib\libconio_unicode.a" />
					<Add directory="C:\Program Files\codeblocks\devpaks\include" />
					<Add directory="C:\Program Files\codeblocks\devpaks\lib" />
				</Linker>
			</Target>
		</Build>
		<Compiler>
			<Add option="-Wall" />
			<Add option="-fexceptions" />
		</Compiler>
		<Unit filename="BoardChangeListener.h">
			<Option target="Debug" />
			<Option target="Release" />
			<Option target="testboard" />
			<Option target="vs2008" />
			<Option target="testgameloop" />
			<Option target="testlogic" />
		</Unit>
		<Unit filename="BoardGraphics.cpp">
			<Option target="Debug" />
			<Option target="Release" />
			<Option target="testboard" />
			<Option target="vs2008" />
			<Option target="testgameloop" />
			<Option target="testlogic" />
		</Unit>
		<Unit filename="BoardGraphics.h">
			<Option target="Debug" />
			<Option target="Release" />
			<Option target="testboard" />
			<Option target="vs2008" />
			<Option target="testgameloop" />
			<Option target="testlogic" />
		</Unit>
		<Unit filename="CommandListener.h">
			<Option target="Debug" />
			<Option target="Release" />
			<Option target="testboard" />
			<Option target="vs2008" />
			<Option target="testgameloop" />
			<Option target="testtimer" />
			<Option target="testlogic" />
			<Option target="testkeyboard" />
			<Option target="testmenu" />
		</Unit>
		<Unit filename="Config.cpp">
			<Option target="Debug" />
			<Option target="Release" />
			<Option target="testdraw" />
			<Option target="vs2008" />
			<Option target="testlogic" />
			<Option target="testkeyboard" />
			<Option target="testmenu" />
			<Option target="testconfig" />
		</Unit>
		<Unit filename="Config.h">
			<Option target="Debug" />
			<Option target="Release" />
			<Option target="testdraw" />
			<Option target="vs2008" />
			<Option target="testlogic" />
			<Option target="testkeyboard" />
			<Option target="testmenu" />
			<Option target="testconfig" />
		</Unit>
		<Unit filename="Graphics.h">
			<Option target="Debug" />
			<Option target="Release" />
			<Option target="testboard" />
			<Option target="testdraw" />
			<Option target="vs2008" />
			<Option target="testgameloop" />
			<Option target="testlogic" />
			<Option target="testkeyboard" />
			<Option target="testmenu" />
		</Unit>
		<Unit filename="KeyboardInput.h">
			<Option target="Debug" />
			<Option target="Release" />
			<Option target="testgameloop" />
			<Option target="testtimer" />
			<Option target="testlogic" />
			<Option target="testkeyboard" />
			<Option target="vs2008" />
			<Option target="testmenu" />
		</Unit>
		<Unit filename="Menu.cpp">
			<Option target="Debug" />
			<Option target="Release" />
			<Option target="vs2008" />
			<Option target="testmenu" />
		</Unit>
		<Unit filename="Menu.h">
			<Option target="Debug" />
			<Option target="Release" />
			<Option target="vs2008" />
			<Option target="testmenu" />
		</Unit>
		<Unit filename="Panel.cpp">
			<Option target="Debug" />
			<Option target="Release" />
			<Option target="testboard" />
			<Option target="testdraw" />
			<Option target="vs2008" />
			<Option target="testgameloop" />
			<Option target="testtimer" />
			<Option target="testlogic" />
			<Option target="testmenu" />
		</Unit>
		<Unit filename="Panel.h">
			<Option target="Debug" />
			<Option target="Release" />
			<Option target="testboard" />
			<Option target="testdraw" />
			<Option target="vs2008" />
			<Option target="testgameloop" />
			<Option target="testtimer" />
			<Option target="testlogic" />
			<Option target="testmenu" />
		</Unit>
		<Unit filename="Screen.cpp">
			<Option target="testgameloop" />
			<Option target="testtimer" />
			<Option target="testlogic" />
			<Option target="testmenu" />
			<Option target="vs2008" />
			<Option target="Debug" />
			<Option target="Release" />
		</Unit>
		<Unit filename="Screen.h">
			<Option target="testgameloop" />
			<Option target="testlogic" />
			<Option target="vs2008" />
			<Option target="Debug" />
			<Option target="Release" />
		</Unit>
		<Unit filename="Singleton.h">
			<Option target="Debug" />
			<Option target="Release" />
			<Option target="testtimer" />
			<Option target="testlogic" />
			<Option target="testkeyboard" />
			<Option target="vs2008" />
			<Option target="testmenu" />
			<Option target="testconfig" />
		</Unit>
		<Unit filename="StatsListener.h">
			<Option target="Debug" />
			<Option target="Release" />
			<Option target="testgameloop" />
			<Option target="testtimer" />
			<Option target="testlogic" />
			<Option target="testmenu" />
			<Option target="vs2008" />
		</Unit>
		<Unit filename="StatsPanel.cpp">
			<Option target="Debug" />
			<Option target="Release" />
			<Option target="testgameloop" />
			<Option target="testtimer" />
			<Option target="testlogic" />
			<Option target="testmenu" />
			<Option target="vs2008" />
		</Unit>
		<Unit filename="StatsPanel.h">
			<Option target="Debug" />
			<Option target="Release" />
			<Option target="testgameloop" />
			<Option target="testtimer" />
			<Option target="testlogic" />
			<Option target="testmenu" />
			<Option target="vs2008" />
		</Unit>
		<Unit filename="TetrisBoard.cpp">
			<Option target="Debug" />
			<Option target="Release" />
			<Option target="testboard" />
			<Option target="vs2008" />
			<Option target="testgameloop" />
			<Option target="testlogic" />
		</Unit>
		<Unit filename="TetrisBoard.h">
			<Option target="Debug" />
			<Option target="Release" />
			<Option target="testboard" />
			<Option target="vs2008" />
			<Option target="testgameloop" />
			<Option target="testlogic" />
		</Unit>
		<Unit filename="TetrisCommon.h">
			<Option target="Debug" />
			<Option target="Release" />
			<Option target="testboard" />
			<Option target="testdraw" />
			<Option target="vs2008" />
			<Option target="testgameloop" />
			<Option target="testlogic" />
			<Option target="testmenu" />
		</Unit>
		<Unit filename="TetrisLogic.cpp">
			<Option target="Debug" />
			<Option target="Release" />
			<Option target="testboard" />
			<Option target="testgameloop" />
			<Option target="testlogic" />
			<Option target="vs2008" />
		</Unit>
		<Unit filename="TetrisLogic.h">
			<Option target="Debug" />
			<Option target="Release" />
			<Option target="vs2008" />
			<Option target="testboard" />
			<Option target="testgameloop" />
			<Option target="testlogic" />
		</Unit>
		<Unit filename="TetrisStats.cpp">
			<Option target="Debug" />
			<Option target="Release" />
			<Option target="testtimer" />
			<Option target="testlogic" />
			<Option target="testmenu" />
			<Option target="vs2008" />
		</Unit>
		<Unit filename="TetrisStats.h">
			<Option target="Debug" />
			<Option target="Release" />
			<Option target="testgameloop" />
			<Option target="testtimer" />
			<Option target="testlogic" />
			<Option target="testmenu" />
			<Option target="vs2008" />
		</Unit>
		<Unit filename="Tetromino.cpp">
			<Option target="Debug" />
			<Option target="Release" />
			<Option target="vs2008" />
			<Option target="testboard" />
			<Option target="testgameloop" />
			<Option target="testlogic" />
		</Unit>
		<Unit filename="Tetromino.h">
			<Option target="Debug" />
			<Option target="Release" />
			<Option target="vs2008" />
			<Option target="testboard" />
			<Option target="testgameloop" />
			<Option target="testlogic" />
		</Unit>
		<Unit filename="TetrominoFactory.cpp">
			<Option target="Debug" />
			<Option target="Release" />
			<Option target="vs2008" />
			<Option target="testboard" />
			<Option target="testgameloop" />
			<Option target="testlogic" />
		</Unit>
		<Unit filename="TetrominoFactory.h">
			<Option target="Debug" />
			<Option target="Release" />
			<Option target="vs2008" />
			<Option target="testboard" />
			<Option target="testgameloop" />
			<Option target="testlogic" />
		</Unit>
		<Unit filename="TickListener.h">
			<Option target="Debug" />
			<Option target="Release" />
			<Option target="testtimer" />
			<Option target="testlogic" />
			<Option target="vs2008" />
			<Option target="testmenu" />
		</Unit>
		<Unit filename="TickTask.h">
			<Option target="Debug" />
			<Option target="Release" />
			<Option target="testgameloop" />
			<Option target="testtimer" />
			<Option target="testlogic" />
			<Option target="testkeyboard" />
			<Option target="vs2008" />
			<Option target="testmenu" />
		</Unit>
		<Unit filename="Ticker.cpp">
			<Option target="Debug" />
			<Option target="Release" />
			<Option target="testboard" />
			<Option target="vs2008" />
			<Option target="testgameloop" />
			<Option target="testtimer" />
			<Option target="testlogic" />
			<Option target="testkeyboard" />
			<Option target="testmenu" />
		</Unit>
		<Unit filename="Ticker.h">
			<Option target="Debug" />
			<Option target="Release" />
			<Option target="testgameloop" />
			<Option target="testtimer" />
			<Option target="testlogic" />
			<Option target="testkeyboard" />
			<Option target="vs2008" />
			<Option target="testmenu" />
		</Unit>
		<Unit filename="linux\Graphics.cpp">
			<Option target="vs2008" />
		</Unit>
		<Unit filename="linux\Ticker.cpp">
			<Option target="testtimer" />
		</Unit>
		<Unit filename="test\testboard.cpp">
			<Option target="testboard" />
		</Unit>
		<Unit filename="test\testconfig.cpp">
			<Option target="testconfig" />
		</Unit>
		<Unit filename="test\testdraw(win).cpp">
			<Option target="testdraw" />
		</Unit>
		<Unit filename="test\testgameloop.cpp">
			<Option target="testgameloop" />
		</Unit>
		<Unit filename="test\testkeyboard(win).cpp">
			<Option target="testkeyboard" />
		</Unit>
		<Unit filename="test\testlogic.cpp">
			<Option target="testlogic" />
			<Option target="vs2008" />
		</Unit>
		<Unit filename="test\testmenu.cpp">
			<Option target="testmenu" />
		</Unit>
		<Unit filename="test\testtimer.cpp">
			<Option target="testtimer" />
		</Unit>
		<Unit filename="windows\Graphics.cpp">
			<Option target="Debug" />
			<Option target="Release" />
			<Option target="testboard" />
			<Option target="testdraw" />
			<Option target="vs2008" />
			<Option target="testgameloop" />
			<Option target="testlogic" />
			<Option target="testmenu" />
		</Unit>
		<Unit filename="windows\KeyboardInput.cpp">
			<Option target="Debug" />
			<Option target="Release" />
			<Option target="testtimer" />
			<Option target="testlogic" />
			<Option target="testkeyboard" />
			<Option target="vs2008" />
			<Option target="testmenu" />
		</Unit>
		<Unit filename="windows\Ticker.cpp">
			<Option target="Debug" />
			<Option target="Release" />
			<Option target="testtimer" />
			<Option target="testlogic" />
			<Option target="vs2008" />
			<Option target="testmenu" />
			<Option target="testkeyboard" />
		</Unit>
		<Extensions>
			<code_completion />
			<envvars />
			<debugger />
			<lib_finder disable_auto="1" />
		</Extensions>
	</Project>
</CodeBlocks_project_file>
